
Microsoft Visual Studio Solution File, Format Version 12.00
# Visual Studio 15
VisualStudioVersion = 15.0.27428.1
MinimumVisualStudioVersion = 10.0.40219.1
Project("{FAE04EC0-301F-11D3-BF4B-00C04F79EFBC}") = "FinalLogin", "FinalLogin\FinalLogin.csproj", "{EA4DF65A-D172-4D27-9AC9-51983C367B06}"
EndProject
Global
	GlobalSection(SolutionConfigurationPlatforms) = preSolution
		Debug|Any CPU = Debug|Any CPU
		Release|Any CPU = Release|Any CPU
	EndGlobalSection
	GlobalSection(ProjectConfigurationPlatforms) = postSolution
		{EA4DF65A-D172-4D27-9AC9-51983C367B06}.Debug|Any CPU.ActiveCfg = Debug|Any CPU
		{EA4DF65A-D172-4D27-9AC9-51983C367B06}.Debug|Any CPU.Build.0 = Debug|Any CPU
		{EA4DF65A-D172-4D27-9AC9-51983C367B06}.Release|Any CPU.ActiveCfg = Release|Any CPU
		{EA4DF65A-D172-4D27-9AC9-51983C367B06}.Release|Any CPU.Build.0 = Release|Any CPU
	EndGlobalSection
	GlobalSection(SolutionProperties) = preSolution
		HideSolutionNode = FALSE
	EndGlobalSection
	GlobalSection(ExtensibilityGlobals) = postSolution
		SolutionGuid = {4BB07C08-0877-41BC-8093-AB434705DE52}
	EndGlobalSection
EndGlobal
