
Microsoft Visual Studio Solution File, Format Version 12.00
# Visual Studio 15
VisualStudioVersion = 15.0.27428.1
MinimumVisualStudioVersion = 10.0.40219.1
Project("{FAE04EC0-301F-11D3-BF4B-00C04F79EFBC}") = "FinalHeaderSort", "FinalHeaderSort\FinalHeaderSort.csproj", "{51323839-5BBE-4D4E-A780-ADE061CB9315}"
EndProject
Global
	GlobalSection(SolutionConfigurationPlatforms) = preSolution
		Debug|Any CPU = Debug|Any CPU
		Release|Any CPU = Release|Any CPU
	EndGlobalSection
	GlobalSection(ProjectConfigurationPlatforms) = postSolution
		{51323839-5BBE-4D4E-A780-ADE061CB9315}.Debug|Any CPU.ActiveCfg = Debug|Any CPU
		{51323839-5BBE-4D4E-A780-ADE061CB9315}.Debug|Any CPU.Build.0 = Debug|Any CPU
		{51323839-5BBE-4D4E-A780-ADE061CB9315}.Release|Any CPU.ActiveCfg = Release|Any CPU
		{51323839-5BBE-4D4E-A780-ADE061CB9315}.Release|Any CPU.Build.0 = Release|Any CPU
	EndGlobalSection
	GlobalSection(SolutionProperties) = preSolution
		HideSolutionNode = FALSE
	EndGlobalSection
	GlobalSection(ExtensibilityGlobals) = postSolution
		SolutionGuid = {D999245F-E868-42BA-A143-493D3A039C20}
	EndGlobalSection
EndGlobal
