
Microsoft Visual Studio Solution File, Format Version 12.00
# Visual Studio 15
VisualStudioVersion = 15.0.27428.1
MinimumVisualStudioVersion = 10.0.40219.1
Project("{FAE04EC0-301F-11D3-BF4B-00C04F79EFBC}") = "FinalDiary", "FinalDiary\FinalDiary.csproj", "{43A64D7D-4F75-459E-8424-C8047834E3CB}"
EndProject
Global
	GlobalSection(SolutionConfigurationPlatforms) = preSolution
		Debug|Any CPU = Debug|Any CPU
		Release|Any CPU = Release|Any CPU
	EndGlobalSection
	GlobalSection(ProjectConfigurationPlatforms) = postSolution
		{43A64D7D-4F75-459E-8424-C8047834E3CB}.Debug|Any CPU.ActiveCfg = Debug|Any CPU
		{43A64D7D-4F75-459E-8424-C8047834E3CB}.Debug|Any CPU.Build.0 = Debug|Any CPU
		{43A64D7D-4F75-459E-8424-C8047834E3CB}.Release|Any CPU.ActiveCfg = Release|Any CPU
		{43A64D7D-4F75-459E-8424-C8047834E3CB}.Release|Any CPU.Build.0 = Release|Any CPU
	EndGlobalSection
	GlobalSection(SolutionProperties) = preSolution
		HideSolutionNode = FALSE
	EndGlobalSection
	GlobalSection(ExtensibilityGlobals) = postSolution
		SolutionGuid = {34E223DB-5BF7-4F60-9175-8FC6C364D539}
	EndGlobalSection
EndGlobal
