
Microsoft Visual Studio Solution File, Format Version 12.00
# Visual Studio 15
VisualStudioVersion = 15.0.27428.1
MinimumVisualStudioVersion = 10.0.40219.1
Project("{FAE04EC0-301F-11D3-BF4B-00C04F79EFBC}") = "CsFont", "CsFont\CsFont.csproj", "{3D817BCB-8BBC-4B9D-A6BA-97C22C41ABA7}"
EndProject
Global
	GlobalSection(SolutionConfigurationPlatforms) = preSolution
		Debug|Any CPU = Debug|Any CPU
		Release|Any CPU = Release|Any CPU
	EndGlobalSection
	GlobalSection(ProjectConfigurationPlatforms) = postSolution
		{3D817BCB-8BBC-4B9D-A6BA-97C22C41ABA7}.Debug|Any CPU.ActiveCfg = Debug|Any CPU
		{3D817BCB-8BBC-4B9D-A6BA-97C22C41ABA7}.Debug|Any CPU.Build.0 = Debug|Any CPU
		{3D817BCB-8BBC-4B9D-A6BA-97C22C41ABA7}.Release|Any CPU.ActiveCfg = Release|Any CPU
		{3D817BCB-8BBC-4B9D-A6BA-97C22C41ABA7}.Release|Any CPU.Build.0 = Release|Any CPU
	EndGlobalSection
	GlobalSection(SolutionProperties) = preSolution
		HideSolutionNode = FALSE
	EndGlobalSection
	GlobalSection(ExtensibilityGlobals) = postSolution
		SolutionGuid = {057E0DD8-64E4-4034-9380-2DC2D7670FC1}
	EndGlobalSection
EndGlobal
